// !$*UTF8*$!
{
	archiveVersion = 1;
	classes = {
	};
	objectVersion = 50;
	objects = {

/* Begin PBXBuildFile section */
		6AA466FD25B7351800A6A753 /* AppDelegate.swift in Sources */ = {isa = PBXBuildFile; fileRef = 6AA466FC25B7351800A6A753 /* AppDelegate.swift */; };
		6AA466FF25B7351800A6A753 /* SceneDelegate.swift in Sources */ = {isa = PBXBuildFile; fileRef = 6AA466FE25B7351800A6A753 /* SceneDelegate.swift */; };
		6AA4670125B7351800A6A753 /* ViewController.swift in Sources */ = {isa = PBXBuildFile; fileRef = 6AA4670025B7351800A6A753 /* ViewController.swift */; };
		6AA4670425B7351800A6A753 /* Main.storyboard in Resources */ = {isa = PBXBuildFile; fileRef = 6AA4670225B7351800A6A753 /* Main.storyboard */; };
		6AA4670625B7351A00A6A753 /* Assets.xcassets in Resources */ = {isa = PBXBuildFile; fileRef = 6AA4670525B7351A00A6A753 /* Assets.xcassets */; };
		6AA4670925B7351A00A6A753 /* LaunchScreen.storyboard in Resources */ = {isa = PBXBuildFile; fileRef = 6AA4670725B7351A00A6A753 /* LaunchScreen.storyboard */; };
		6AA4671325B7370F00A6A753 /* Roboto-Medium.ttf in Resources */ = {isa = PBXBuildFile; fileRef = 6AA4671225B7370F00A6A753 /* Roboto-Medium.ttf */; };
		6AA4671625B73C6400A6A753 /* muzik.mp3 in Resources */ = {isa = PBXBuildFile; fileRef = 6AA4671525B73C6400A6A753 /* muzik.mp3 */; };
/* End PBXBuildFile section */

/* Begin PBXFileReference section */
		6AA466F925B7351800A6A753 /* 8.Ders.app */ = {isa = PBXFileReference; explicitFileType = wrapper.application; includeInIndex = 0; path = 8.Ders.app; sourceTree = BUILT_PRODUCTS_DIR; };
		6AA466FC25B7351800A6A753 /* AppDelegate.swift */ = {isa = PBXFileReference; lastKnownFileType = sourcecode.swift; path = AppDelegate.swift; sourceTree = "<group>"; };
		6AA466FE25B7351800A6A753 /* SceneDelegate.swift */ = {isa = PBXFileReference; lastKnownFileType = sourcecode.swift; path = SceneDelegate.swift; sourceTree = "<group>"; };
		6AA4670025B7351800A6A753 /* ViewController.swift */ = {isa = PBXFileReference; lastKnownFileType = sourcecode.swift; path = ViewController.swift; sourceTree = "<group>"; };
		6AA4670325B7351800A6A753 /* Base */ = {isa = PBXFileReference; lastKnownFileType = file.storyboard; name = Base; path = Base.lproj/Main.storyboard; sourceTree = "<group>"; };
		6AA4670525B7351A00A6A753 /* Assets.xcassets */ = {isa = PBXFileReference; lastKnownFileType = folder.assetcatalog; path = Assets.xcassets; sourceTree = "<group>"; };
		6AA4670825B7351A00A6A753 /* Base */ = {isa = PBXFileReference; lastKnownFileType = file.storyboard; name = Base; path = Base.lproj/LaunchScreen.storyboard; sourceTree = "<group>"; };
		6AA4670A25B7351A00A6A753 /* Info.plist */ = {isa = PBXFileReference; lastKnownFileType = text.plist.xml; path = Info.plist; sourceTree = "<group>"; };
		6AA4671225B7370F00A6A753 /* Roboto-Medium.ttf */ = {isa = PBXFileReference; lastKnownFileType = file; path = "Roboto-Medium.ttf"; sourceTree = "<group>"; };
		6AA4671525B73C6400A6A753 /* muzik.mp3 */ = {isa = PBXFileReference; lastKnownFileType = audio.mp3; path = muzik.mp3; sourceTree = "<group>"; };
/* End PBXFileReference section */

/* Begin PBXFrameworksBuildPhase section */
		6AA466F625B7351800A6A753 /* Frameworks */ = {
			isa = PBXFrameworksBuildPhase;
			buildActionMask = 2147483647;
			files = (
			);
			runOnlyForDeploymentPostprocessing = 0;
		};
/* End PBXFrameworksBuildPhase section */

/* Begin PBXGroup section */
		6AA466F025B7351800A6A753 = {
			isa = PBXGroup;
			children = (
				6AA466FB25B7351800A6A753 /* 8.Ders */,
				6AA466FA25B7351800A6A753 /* Products */,
			);
			sourceTree = "<group>";
		};
		6AA466FA25B7351800A6A753 /* Products */ = {
			isa = PBXGroup;
			children = (
				6AA466F925B7351800A6A753 /* 8.Ders.app */,
			);
			name = Products;
			sourceTree = "<group>";
		};
		6AA466FB25B7351800A6A753 /* 8.Ders */ = {
			isa = PBXGroup;
			children = (
				6AA4671125B736D300A6A753 /* Fonts */,
				6AA466FC25B7351800A6A753 /* AppDelegate.swift */,
				6AA4671525B73C6400A6A753 /* muzik.mp3 */,
				6AA466FE25B7351800A6A753 /* SceneDelegate.swift */,
				6AA4670025B7351800A6A753 /* ViewController.swift */,
				6AA4670225B7351800A6A753 /* Main.storyboard */,
				6AA4670525B7351A00A6A753 /* Assets.xcassets */,
				6AA4670725B7351A00A6A753 /* LaunchScreen.storyboard */,
				6AA4670A25B7351A00A6A753 /* Info.plist */,
			);
			path = 8.Ders;
			sourceTree = "<group>";
		};
		6AA4671125B736D300A6A753 /* Fonts */ = {
			isa = PBXGroup;
			children = (
				6AA4671225B7370F00A6A753 /* Roboto-Medium.ttf */,
			);
			path = Fonts;
			sourceTree = "<group>";
		};
/* End PBXGroup section */

/* Begin PBXNativeTarget section */
		6AA466F825B7351800A6A753 /* 8.Ders */ = {
			isa = PBXNativeTarget;
			buildConfigurationList = 6AA4670D25B7351A00A6A753 /* Build configuration list for PBXNativeTarget "8.Ders" */;
			buildPhases = (
				6AA466F525B7351800A6A753 /* Sources */,
				6AA466F625B7351800A6A753 /* Frameworks */,
				6AA466F725B7351800A6A753 /* Resources */,
			);
			buildRules = (
			);
			dependencies = (
			);
			name = 8.Ders;
			productName = 8.Ders;
			productReference = 6AA466F925B7351800A6A753 /* 8.Ders.app */;
			productType = "com.apple.product-type.application";
		};
/* End PBXNativeTarget section */

/* Begin PBXProject section */
		6AA466F125B7351800A6A753 /* Project object */ = {
			isa = PBXProject;
			attributes = {
				LastSwiftUpdateCheck = 1230;
				LastUpgradeCheck = 1230;
				TargetAttributes = {
					6AA466F825B7351800A6A753 = {
						CreatedOnToolsVersion = 12.3;
					};
				};
			};
			buildConfigurationList = 6AA466F425B7351800A6A753 /* Build configuration list for PBXProject "8.Ders" */;
			compatibilityVersion = "Xcode 9.3";
			developmentRegion = en;
			hasScannedForEncodings = 0;
			knownRegions = (
				en,
				Base,
			);
			mainGroup = 6AA466F025B7351800A6A753;
			productRefGroup = 6AA466FA25B7351800A6A753 /* Products */;
			projectDirPath = "";
			projectRoot = "";
			targets = (
				6AA466F825B7351800A6A753 /* 8.Ders */,
			);
		};
/* End PBXProject section */

/* Begin PBXResourcesBuildPhase section */
		6AA466F725B7351800A6A753 /* Resources */ = {
			isa = PBXResourcesBuildPhase;
			buildActionMask = 2147483647;
			files = (
				6AA4671325B7370F00A6A753 /* Roboto-Medium.ttf in Resources */,
				6AA4670925B7351A00A6A753 /* LaunchScreen.storyboard in Resources */,
				6AA4670625B7351A00A6A753 /* Assets.xcassets in Resources */,
				6AA4670425B7351800A6A753 /* Main.storyboard in Resources */,
				6AA4671625B73C6400A6A753 /* muzik.mp3 in Resources */,
			);
			runOnlyForDeploymentPostprocessing = 0;
		};
/* End PBXResourcesBuildPhase section */

/* Begin PBXSourcesBuildPhase section */
		6AA466F525B7351800A6A753 /* Sources */ = {
			isa = PBXSourcesBuildPhase;
			buildActionMask = 2147483647;
			files = (
				6AA4670125B7351800A6A753 /* ViewController.swift in Sources */,
				6AA466FD25B7351800A6A753 /* AppDelegate.swift in Sources */,
				6AA466FF25B7351800A6A753 /* SceneDelegate.swift in Sources */,
			);
			runOnlyForDeploymentPostprocessing = 0;
		};
/* End PBXSourcesBuildPhase section */

/* Begin PBXVariantGroup section */
		6AA4670225B7351800A6A753 /* Main.storyboard */ = {
			isa = PBXVariantGroup;
			children = (
				6AA4670325B7351800A6A753 /* Base */,
			);
			name = Main.storyboard;
			sourceTree = "<group>";
		};
		6AA4670725B7351A00A6A753 /* LaunchScreen.storyboard */ = {
			isa = PBXVariantGroup;
			children = (
				6AA4670825B7351A00A6A753 /* Base */,
			);
			name = LaunchScreen.storyboard;
			sourceTree = "<group>";
		};
/* End PBXVariantGroup section */

/* Begin XCBuildConfiguration section */
		6AA4670B25B7351A00A6A753 /* Debug */ = {
			isa = XCBuildConfiguration;
			buildSettings = {
				ALWAYS_SEARCH_USER_PATHS = NO;
				CLANG_ANALYZER_NONNULL = YES;
				CLANG_ANALYZER_NUMBER_OBJECT_CONVERSION = YES_AGGRESSIVE;
				CLANG_CXX_LANGUAGE_STANDARD = "gnu++14";
				CLANG_CXX_LIBRARY = "libc++";
				CLANG_ENABLE_MODULES = YES;
				CLANG_ENABLE_OBJC_ARC = YES;
				CLANG_ENABLE_OBJC_WEAK = YES;
				CLANG_WARN_BLOCK_CAPTURE_AUTORELEASING = YES;
				CLANG_WARN_BOOL_CONVERSION = YES;
				CLANG_WARN_COMMA = YES;
				CLANG_WARN_CONSTANT_CONVERSION = YES;
				CLANG_WARN_DEPRECATED_OBJC_IMPLEMENTATIONS = YES;
				CLANG_WARN_DIRECT_OBJC_ISA_USAGE = YES_ERROR;
				CLANG_WARN_DOCUMENTATION_COMMENTS = YES;
				CLANG_WARN_EMPTY_BODY = YES;
				CLANG_WARN_ENUM_CONVERSION = YES;
				CLANG_WARN_INFINITE_RECURSION = YES;
				CLANG_WARN_INT_CONVERSION = YES;
				CLANG_WARN_NON_LITERAL_NULL_CONVERSION = YES;
				CLANG_WARN_OBJC_IMPLICIT_RETAIN_SELF = YES;
				CLANG_WARN_OBJC_LITERAL_CONVERSION = YES;
				CLANG_WARN_OBJC_ROOT_CLASS = YES_ERROR;
				CLANG_WARN_QUOTED_INCLUDE_IN_FRAMEWORK_HEADER = YES;
				CLANG_WARN_RANGE_LOOP_ANALYSIS = YES;
				CLANG_WARN_STRICT_PROTOTYPES = YES;
				CLANG_WARN_SUSPICIOUS_MOVE = YES;
				CLANG_WARN_UNGUARDED_AVAILABILITY = YES_AGGRESSIVE;
				CLANG_WARN_UNREACHABLE_CODE = YES;
				CLANG_WARN__DUPLICATE_METHOD_MATCH = YES;
				COPY_PHASE_STRIP = NO;
				DEBUG_INFORMATION_FORMAT = dwarf;
				ENABLE_STRICT_OBJC_MSGSEND = YES;
				ENABLE_TESTABILITY = YES;
				GCC_C_LANGUAGE_STANDARD = gnu11;
				GCC_DYNAMIC_NO_PIC = NO;
				GCC_NO_COMMON_BLOCKS = YES;
				GCC_OPTIMIZATION_LEVEL = 0;
				GCC_PREPROCESSOR_DEFINITIONS = (
					"DEBUG=1",
					"$(inherited)",
				);
				GCC_WARN_64_TO_32_BIT_CONVERSION = YES;
				GCC_WARN_ABOUT_RETURN_TYPE = YES_ERROR;
				GCC_WARN_UNDECLARED_SELECTOR = YES;
				GCC_WARN_UNINITIALIZED_AUTOS = YES_AGGRESSIVE;
				GCC_WARN_UNUSED_FUNCTION = YES;
				GCC_WARN_UNUSED_VARIABLE = YES;
				IPHONEOS_DEPLOYMENT_TARGET = 14.3;
				MTL_ENABLE_DEBUG_INFO = INCLUDE_SOURCE;
				MTL_FAST_MATH = YES;
				ONLY_ACTIVE_ARCH = YES;
				SDKROOT = iphoneos;
				SWIFT_ACTIVE_COMPILATION_CONDITIONS = DEBUG;
				SWIFT_OPTIMIZATION_LEVEL = "-Onone";
			};
			name = Debug;
		};
		6AA4670C25B7351A00A6A753 /* Release */ = {
			isa = XCBuildConfiguration;
			buildSettings = {
				ALWAYS_SEARCH_USER_PATHS = NO;
				CLANG_ANALYZER_NONNULL = YES;
				CLANG_ANALYZER_NUMBER_OBJECT_CONVERSION = YES_AGGRESSIVE;
				CLANG_CXX_LANGUAGE_STANDARD = "gnu++14";
				CLANG_CXX_LIBRARY = "libc++";
				CLANG_ENABLE_MODULES = YES;
				CLANG_ENABLE_OBJC_ARC = YES;
				CLANG_ENABLE_OBJC_WEAK = YES;
				CLANG_WARN_BLOCK_CAPTURE_AUTORELEASING = YES;
				CLANG_WARN_BOOL_CONVERSION = YES;
				CLANG_WARN_COMMA = YES;
				CLANG_WARN_CONSTANT_CONVERSION = YES;
				CLANG_WARN_DEPRECATED_OBJC_IMPLEMENTATIONS = YES;
				CLANG_WARN_DIRECT_OBJC_ISA_USAGE = YES_ERROR;
				CLANG_WARN_DOCUMENTATION_COMMENTS = YES;
				CLANG_WARN_EMPTY_BODY = YES;
				CLANG_WARN_ENUM_CONVERSION = YES;
				CLANG_WARN_INFINITE_RECURSION = YES;
				CLANG_WARN_INT_CONVERSION = YES;
				CLANG_WARN_NON_LITERAL_NULL_CONVERSION = YES;
				CLANG_WARN_OBJC_IMPLICIT_RETAIN_SELF = YES;
				CLANG_WARN_OBJC_LITERAL_CONVERSION = YES;
				CLANG_WARN_OBJC_ROOT_CLASS = YES_ERROR;
				CLANG_WARN_QUOTED_INCLUDE_IN_FRAMEWORK_HEADER = YES;
				CLANG_WARN_RANGE_LOOP_ANALYSIS = YES;
				CLANG_WARN_STRICT_PROTOTYPES = YES;
				CLANG_WARN_SUSPICIOUS_MOVE = YES;
				CLANG_WARN_UNGUARDED_AVAILABILITY = YES_AGGRESSIVE;
				CLANG_WARN_UNREACHABLE_CODE = YES;
				CLANG_WARN__DUPLICATE_METHOD_MATCH = YES;
				COPY_PHASE_STRIP = NO;
				DEBUG_INFORMATION_FORMAT = "dwarf-with-dsym";
				ENABLE_NS_ASSERTIONS = NO;
				ENABLE_STRICT_OBJC_MSGSEND = YES;
				GCC_C_LANGUAGE_STANDARD = gnu11;
				GCC_NO_COMMON_BLOCKS = YES;
				GCC_WARN_64_TO_32_BIT_CONVERSION = YES;
				GCC_WARN_ABOUT_RETURN_TYPE = YES_ERROR;
				GCC_WARN_UNDECLARED_SELECTOR = YES;
				GCC_WARN_UNINITIALIZED_AUTOS = YES_AGGRESSIVE;
				GCC_WARN_UNUSED_FUNCTION = YES;
				GCC_WARN_UNUSED_VARIABLE = YES;
				IPHONEOS_DEPLOYMENT_TARGET = 14.3;
				MTL_ENABLE_DEBUG_INFO = NO;
				MTL_FAST_MATH = YES;
				SDKROOT = iphoneos;
				SWIFT_COMPILATION_MODE = wholemodule;
				SWIFT_OPTIMIZATION_LEVEL = "-O";
				VALIDATE_PRODUCT = YES;
			};
			name = Release;
		};
		6AA4670E25B7351A00A6A753 /* Debug */ = {
			isa = XCBuildConfiguration;
			buildSettings = {
				ASSETCATALOG_COMPILER_APPICON_NAME = AppIcon;
				ASSETCATALOG_COMPILER_GLOBAL_ACCENT_COLOR_NAME = AccentColor;
				CODE_SIGN_STYLE = Automatic;
				DEVELOPMENT_TEAM = US4N65N2A2;
				INFOPLIST_FILE = 8.Ders/Info.plist;
				LD_RUNPATH_SEARCH_PATHS = (
					"$(inherited)",
					"@executable_path/Frameworks",
				);
				PRODUCT_BUNDLE_IDENTIFIER = "com.selin.--Ders";
				PRODUCT_NAME = "$(TARGET_NAME)";
				SWIFT_VERSION = 5.0;
				TARGETED_DEVICE_FAMILY = "1,2";
			};
			name = Debug;
		};
		6AA4670F25B7351A00A6A753 /* Release */ = {
			isa = XCBuildConfiguration;
			buildSettings = {
				ASSETCATALOG_COMPILER_APPICON_NAME = AppIcon;
				ASSETCATALOG_COMPILER_GLOBAL_ACCENT_COLOR_NAME = AccentColor;
				CODE_SIGN_STYLE = Automatic;
				DEVELOPMENT_TEAM = US4N65N2A2;
				INFOPLIST_FILE = 8.Ders/Info.plist;
				LD_RUNPATH_SEARCH_PATHS = (
					"$(inherited)",
					"@executable_path/Frameworks",
				);
				PRODUCT_BUNDLE_IDENTIFIER = "com.selin.--Ders";
				PRODUCT_NAME = "$(TARGET_NAME)";
				SWIFT_VERSION = 5.0;
				TARGETED_DEVICE_FAMILY = "1,2";
			};
			name = Release;
		};
/* End XCBuildConfiguration section */

/* Begin XCConfigurationList section */
		6AA466F425B7351800A6A753 /* Build configuration list for PBXProject "8.Ders" */ = {
			isa = XCConfigurationList;
			buildConfigurations = (
				6AA4670B25B7351A00A6A753 /* Debug */,
				6AA4670C25B7351A00A6A753 /* Release */,
			);
			defaultConfigurationIsVisible = 0;
			defaultConfigurationName = Release;
		};
		6AA4670D25B7351A00A6A753 /* Build configuration list for PBXNativeTarget "8.Ders" */ = {
			isa = XCConfigurationList;
			buildConfigurations = (
				6AA4670E25B7351A00A6A753 /* Debug */,
				6AA4670F25B7351A00A6A753 /* Release */,
			);
			defaultConfigurationIsVisible = 0;
			defaultConfigurationName = Release;
		};
/* End XCConfigurationList section */
	};
	rootObject = 6AA466F125B7351800A6A753 /* Project object */;
}
